// !$*UTF8*$!
{
	archiveVersion = 1;
	classes = {
	};
	objectVersion = 50;
	objects = {

/* Begin PBXBuildFile section */
		8630ABFE23AAE27BEF25FC7F /* Pods_OnTheLine.framework in Frameworks */ = {isa = PBXBuildFile; fileRef = F0831D49076095378F4AA472 /* Pods_OnTheLine.framework */; };
		C2AB40CDAD7597C91C64F9CA /* Pods_OnTheLineUITests.framework in Frameworks */ = {isa = PBXBuildFile; fileRef = 5B406E7E7287647AE65FE3EB /* Pods_OnTheLineUITests.framework */; };
		C92E22AB36F04D3FD31AD021 /* Pods_OnTheLineTests.framework in Frameworks */ = {isa = PBXBuildFile; fileRef = 2FA0FB7C4D36EA8C210F0CF8 /* Pods_OnTheLineTests.framework */; };
		D71CB641234BCC60006821F3 /* AddFriendView.xib in Resources */ = {isa = PBXBuildFile; fileRef = D71CB640234BCC60006821F3 /* AddFriendView.xib */; };
		D71CB646234BD11E006821F3 /* AddFriendView.swift in Sources */ = {isa = PBXBuildFile; fileRef = D71CB645234BD11E006821F3 /* AddFriendView.swift */; };
		D73820FE22D6E28A00A8D43E /* GoogleService-Info.plist in Resources */ = {isa = PBXBuildFile; fileRef = D73820FD22D6E28A00A8D43E /* GoogleService-Info.plist */; };
		D76E2BEB237CB38300AA526E /* CreateGameVC.swift in Sources */ = {isa = PBXBuildFile; fileRef = D76E2BEA237CB38300AA526E /* CreateGameVC.swift */; };
		D78C8AFB2343C04A000D260C /* NewWagerVC.swift in Sources */ = {isa = PBXBuildFile; fileRef = D78C8AFA2343C04A000D260C /* NewWagerVC.swift */; };
		D78C8AFD2343C064000D260C /* LedgerVC.swift in Sources */ = {isa = PBXBuildFile; fileRef = D78C8AFC2343C064000D260C /* LedgerVC.swift */; };
		D78C8AFF2343C07F000D260C /* ActivityVC.swift in Sources */ = {isa = PBXBuildFile; fileRef = D78C8AFE2343C07F000D260C /* ActivityVC.swift */; };
		D78C8B032343C0BB000D260C /* WagersVC.swift in Sources */ = {isa = PBXBuildFile; fileRef = D78C8B022343C0BB000D260C /* WagersVC.swift */; };
		D78C8B082343C3F8000D260C /* ProfileVC.swift in Sources */ = {isa = PBXBuildFile; fileRef = D78C8B072343C3F8000D260C /* ProfileVC.swift */; };
		D78C8B0A2343D63C000D260C /* Wager.swift in Sources */ = {isa = PBXBuildFile; fileRef = D78C8B092343D63C000D260C /* Wager.swift */; };
		D78C8B0E2347B52E000D260C /* TabViewController.swift in Sources */ = {isa = PBXBuildFile; fileRef = D78C8B0D2347B52E000D260C /* TabViewController.swift */; };
		D78C8B102347BD56000D260C /* AddFriendVC.swift in Sources */ = {isa = PBXBuildFile; fileRef = D78C8B0F2347BD56000D260C /* AddFriendVC.swift */; };
		D793024E227525AD001A3C2F /* StartViewController.swift in Sources */ = {isa = PBXBuildFile; fileRef = D793024D227525AD001A3C2F /* StartViewController.swift */; };
		D7D2192A234FB00800DFA76B /* AFView.swift in Sources */ = {isa = PBXBuildFile; fileRef = D7D21929234FB00800DFA76B /* AFView.swift */; };
		D7E4BD0822FA155000A4079A /* LoginViewController.swift in Sources */ = {isa = PBXBuildFile; fileRef = D7E4BD0722FA155000A4079A /* LoginViewController.swift */; };
		D7E4BD0A22FA155E00A4079A /* SignUpViewController.swift in Sources */ = {isa = PBXBuildFile; fileRef = D7E4BD0922FA155E00A4079A /* SignUpViewController.swift */; };
		D7F6011422683BFD00F1AFA0 /* AppDelegate.swift in Sources */ = {isa = PBXBuildFile; fileRef = D7F6011322683BFD00F1AFA0 /* AppDelegate.swift */; };
		D7F6011622683BFD00F1AFA0 /* FirstViewController.swift in Sources */ = {isa = PBXBuildFile; fileRef = D7F6011522683BFD00F1AFA0 /* FirstViewController.swift */; };
		D7F6011B22683BFD00F1AFA0 /* Main.storyboard in Resources */ = {isa = PBXBuildFile; fileRef = D7F6011922683BFD00F1AFA0 /* Main.storyboard */; };
		D7F6011D22683BFF00F1AFA0 /* Assets.xcassets in Resources */ = {isa = PBXBuildFile; fileRef = D7F6011C22683BFF00F1AFA0 /* Assets.xcassets */; };
		D7F6012022683BFF00F1AFA0 /* LaunchScreen.storyboard in Resources */ = {isa = PBXBuildFile; fileRef = D7F6011E22683BFF00F1AFA0 /* LaunchScreen.storyboard */; };
		D7F6012B22683BFF00F1AFA0 /* OnTheLineTests.swift in Sources */ = {isa = PBXBuildFile; fileRef = D7F6012A22683BFF00F1AFA0 /* OnTheLineTests.swift */; };
		D7F6013622683BFF00F1AFA0 /* OnTheLineUITests.swift in Sources */ = {isa = PBXBuildFile; fileRef = D7F6013522683BFF00F1AFA0 /* OnTheLineUITests.swift */; };
/* End PBXBuildFile section */

/* Begin PBXContainerItemProxy section */
		D7F6012722683BFF00F1AFA0 /* PBXContainerItemProxy */ = {
			isa = PBXContainerItemProxy;
			containerPortal = D7F6010822683BFC00F1AFA0 /* Project object */;
			proxyType = 1;
			remoteGlobalIDString = D7F6010F22683BFD00F1AFA0;
			remoteInfo = OnTheLine;
		};
		D7F6013222683BFF00F1AFA0 /* PBXContainerItemProxy */ = {
			isa = PBXContainerItemProxy;
			containerPortal = D7F6010822683BFC00F1AFA0 /* Project object */;
			proxyType = 1;
			remoteGlobalIDString = D7F6010F22683BFD00F1AFA0;
			remoteInfo = OnTheLine;
		};
/* End PBXContainerItemProxy section */

/* Begin PBXFileReference section */
		2C6C8B7BE7133D23EE06F0CC /* Pods-OnTheLineTests.release.xcconfig */ = {isa = PBXFileReference; includeInIndex = 1; lastKnownFileType = text.xcconfig; name = "Pods-OnTheLineTests.release.xcconfig"; path = "Target Support Files/Pods-OnTheLineTests/Pods-OnTheLineTests.release.xcconfig"; sourceTree = "<group>"; };
		2FA0FB7C4D36EA8C210F0CF8 /* Pods_OnTheLineTests.framework */ = {isa = PBXFileReference; explicitFileType = wrapper.framework; includeInIndex = 0; path = Pods_OnTheLineTests.framework; sourceTree = BUILT_PRODUCTS_DIR; };
		5891595F3871B8F4DEBDF151 /* Pods-OnTheLine.debug.xcconfig */ = {isa = PBXFileReference; includeInIndex = 1; lastKnownFileType = text.xcconfig; name = "Pods-OnTheLine.debug.xcconfig"; path = "Target Support Files/Pods-OnTheLine/Pods-OnTheLine.debug.xcconfig"; sourceTree = "<group>"; };
		5B406E7E7287647AE65FE3EB /* Pods_OnTheLineUITests.framework */ = {isa = PBXFileReference; explicitFileType = wrapper.framework; includeInIndex = 0; path = Pods_OnTheLineUITests.framework; sourceTree = BUILT_PRODUCTS_DIR; };
		8B99CB7AFFD16C18388F5445 /* Pods-OnTheLineUITests.release.xcconfig */ = {isa = PBXFileReference; includeInIndex = 1; lastKnownFileType = text.xcconfig; name = "Pods-OnTheLineUITests.release.xcconfig"; path = "Target Support Files/Pods-OnTheLineUITests/Pods-OnTheLineUITests.release.xcconfig"; sourceTree = "<group>"; };
		B65939426AE2611A9884BC63 /* Pods-OnTheLine.release.xcconfig */ = {isa = PBXFileReference; includeInIndex = 1; lastKnownFileType = text.xcconfig; name = "Pods-OnTheLine.release.xcconfig"; path = "Target Support Files/Pods-OnTheLine/Pods-OnTheLine.release.xcconfig"; sourceTree = "<group>"; };
		BAC0956BD9C3A05330BC9CC4 /* Pods-OnTheLineUITests.debug.xcconfig */ = {isa = PBXFileReference; includeInIndex = 1; lastKnownFileType = text.xcconfig; name = "Pods-OnTheLineUITests.debug.xcconfig"; path = "Target Support Files/Pods-OnTheLineUITests/Pods-OnTheLineUITests.debug.xcconfig"; sourceTree = "<group>"; };
		D71CB640234BCC60006821F3 /* AddFriendView.xib */ = {isa = PBXFileReference; lastKnownFileType = file.xib; path = AddFriendView.xib; sourceTree = "<group>"; };
		D71CB645234BD11E006821F3 /* AddFriendView.swift */ = {isa = PBXFileReference; lastKnownFileType = sourcecode.swift; path = AddFriendView.swift; sourceTree = "<group>"; };
		D73820FD22D6E28A00A8D43E /* GoogleService-Info.plist */ = {isa = PBXFileReference; fileEncoding = 4; lastKnownFileType = text.plist.xml; path = "GoogleService-Info.plist"; sourceTree = "<group>"; };
		D76E2BEA237CB38300AA526E /* CreateGameVC.swift */ = {isa = PBXFileReference; fileEncoding = 4; lastKnownFileType = sourcecode.swift; path = CreateGameVC.swift; sourceTree = "<group>"; };
		D78C8AFA2343C04A000D260C /* NewWagerVC.swift */ = {isa = PBXFileReference; lastKnownFileType = sourcecode.swift; path = NewWagerVC.swift; sourceTree = "<group>"; };
		D78C8AFC2343C064000D260C /* LedgerVC.swift */ = {isa = PBXFileReference; lastKnownFileType = sourcecode.swift; path = LedgerVC.swift; sourceTree = "<group>"; };
		D78C8AFE2343C07F000D260C /* ActivityVC.swift */ = {isa = PBXFileReference; lastKnownFileType = sourcecode.swift; name = ActivityVC.swift; path = /Users/Kodiak/Apps/OnTheLine/OnTheLine/ActivityVC.swift; sourceTree = "<absolute>"; };
		D78C8B022343C0BB000D260C /* WagersVC.swift */ = {isa = PBXFileReference; lastKnownFileType = sourcecode.swift; path = WagersVC.swift; sourceTree = "<group>"; };
		D78C8B072343C3F8000D260C /* ProfileVC.swift */ = {isa = PBXFileReference; lastKnownFileType = sourcecode.swift; name = ProfileVC.swift; path = /Users/Kodiak/Apps/OnTheLine/OnTheLine/ProfileVC.swift; sourceTree = "<absolute>"; };
		D78C8B092343D63C000D260C /* Wager.swift */ = {isa = PBXFileReference; lastKnownFileType = sourcecode.swift; path = Wager.swift; sourceTree = "<group>"; };
		D78C8B0D2347B52E000D260C /* TabViewController.swift */ = {isa = PBXFileReference; lastKnownFileType = sourcecode.swift; path = TabViewController.swift; sourceTree = "<group>"; };
		D78C8B0F2347BD56000D260C /* AddFriendVC.swift */ = {isa = PBXFileReference; lastKnownFileType = sourcecode.swift; path = AddFriendVC.swift; sourceTree = "<group>"; };
		D793024D227525AD001A3C2F /* StartViewController.swift */ = {isa = PBXFileReference; lastKnownFileType = sourcecode.swift; path = StartViewController.swift; sourceTree = "<group>"; };
		D7D21929234FB00800DFA76B /* AFView.swift */ = {isa = PBXFileReference; lastKnownFileType = sourcecode.swift; path = AFView.swift; sourceTree = "<group>"; };
		D7E4BD0722FA155000A4079A /* LoginViewController.swift */ = {isa = PBXFileReference; lastKnownFileType = sourcecode.swift; path = LoginViewController.swift; sourceTree = "<group>"; };
		D7E4BD0922FA155E00A4079A /* SignUpViewController.swift */ = {isa = PBXFileReference; lastKnownFileType = sourcecode.swift; path = SignUpViewController.swift; sourceTree = "<group>"; };
		D7F6011022683BFD00F1AFA0 /* OnTheLine.app */ = {isa = PBXFileReference; explicitFileType = wrapper.application; includeInIndex = 0; path = OnTheLine.app; sourceTree = BUILT_PRODUCTS_DIR; };
		D7F6011322683BFD00F1AFA0 /* AppDelegate.swift */ = {isa = PBXFileReference; lastKnownFileType = sourcecode.swift; path = AppDelegate.swift; sourceTree = "<group>"; };
		D7F6011522683BFD00F1AFA0 /* FirstViewController.swift */ = {isa = PBXFileReference; lastKnownFileType = sourcecode.swift; path = FirstViewController.swift; sourceTree = "<group>"; };
		D7F6011A22683BFD00F1AFA0 /* Base */ = {isa = PBXFileReference; lastKnownFileType = file.storyboard; name = Base; path = Base.lproj/Main.storyboard; sourceTree = "<group>"; };
		D7F6011C22683BFF00F1AFA0 /* Assets.xcassets */ = {isa = PBXFileReference; lastKnownFileType = folder.assetcatalog; path = Assets.xcassets; sourceTree = "<group>"; };
		D7F6011F22683BFF00F1AFA0 /* Base */ = {isa = PBXFileReference; lastKnownFileType = file.storyboard; name = Base; path = Base.lproj/LaunchScreen.storyboard; sourceTree = "<group>"; };
		D7F6012122683BFF00F1AFA0 /* Info.plist */ = {isa = PBXFileReference; lastKnownFileType = text.plist.xml; path = Info.plist; sourceTree = "<group>"; };
		D7F6012622683BFF00F1AFA0 /* OnTheLineTests.xctest */ = {isa = PBXFileReference; explicitFileType = wrapper.cfbundle; includeInIndex = 0; path = OnTheLineTests.xctest; sourceTree = BUILT_PRODUCTS_DIR; };
		D7F6012A22683BFF00F1AFA0 /* OnTheLineTests.swift */ = {isa = PBXFileReference; lastKnownFileType = sourcecode.swift; path = OnTheLineTests.swift; sourceTree = "<group>"; };
		D7F6012C22683BFF00F1AFA0 /* Info.plist */ = {isa = PBXFileReference; lastKnownFileType = text.plist.xml; path = Info.plist; sourceTree = "<group>"; };
		D7F6013122683BFF00F1AFA0 /* OnTheLineUITests.xctest */ = {isa = PBXFileReference; explicitFileType = wrapper.cfbundle; includeInIndex = 0; path = OnTheLineUITests.xctest; sourceTree = BUILT_PRODUCTS_DIR; };
		D7F6013522683BFF00F1AFA0 /* OnTheLineUITests.swift */ = {isa = PBXFileReference; lastKnownFileType = sourcecode.swift; path = OnTheLineUITests.swift; sourceTree = "<group>"; };
		D7F6013722683BFF00F1AFA0 /* Info.plist */ = {isa = PBXFileReference; lastKnownFileType = text.plist.xml; path = Info.plist; sourceTree = "<group>"; };
		D7FE443022E28422008604A6 /* OnTheLine.entitlements */ = {isa = PBXFileReference; lastKnownFileType = text.plist.entitlements; path = OnTheLine.entitlements; sourceTree = "<group>"; };
		DF097F8470B2DC36A7A71DDA /* Pods-OnTheLineTests.debug.xcconfig */ = {isa = PBXFileReference; includeInIndex = 1; lastKnownFileType = text.xcconfig; name = "Pods-OnTheLineTests.debug.xcconfig"; path = "Target Support Files/Pods-OnTheLineTests/Pods-OnTheLineTests.debug.xcconfig"; sourceTree = "<group>"; };
		F0831D49076095378F4AA472 /* Pods_OnTheLine.framework */ = {isa = PBXFileReference; explicitFileType = wrapper.framework; includeInIndex = 0; path = Pods_OnTheLine.framework; sourceTree = BUILT_PRODUCTS_DIR; };
/* End PBXFileReference section */

/* Begin PBXFrameworksBuildPhase section */
		D7F6010D22683BFD00F1AFA0 /* Frameworks */ = {
			isa = PBXFrameworksBuildPhase;
			buildActionMask = 2147483647;
			files = (
				8630ABFE23AAE27BEF25FC7F /* Pods_OnTheLine.framework in Frameworks */,
			);
			runOnlyForDeploymentPostprocessing = 0;
		};
		D7F6012322683BFF00F1AFA0 /* Frameworks */ = {
			isa = PBXFrameworksBuildPhase;
			buildActionMask = 2147483647;
			files = (
				C92E22AB36F04D3FD31AD021 /* Pods_OnTheLineTests.framework in Frameworks */,
			);
			runOnlyForDeploymentPostprocessing = 0;
		};
		D7F6012E22683BFF00F1AFA0 /* Frameworks */ = {
			isa = PBXFrameworksBuildPhase;
			buildActionMask = 2147483647;
			files = (
				C2AB40CDAD7597C91C64F9CA /* Pods_OnTheLineUITests.framework in Frameworks */,
			);
			runOnlyForDeploymentPostprocessing = 0;
		};
/* End PBXFrameworksBuildPhase section */

/* Begin PBXGroup section */
		3D3C7BAA8A81BEEED56002BC /* Frameworks */ = {
			isa = PBXGroup;
			children = (
				F0831D49076095378F4AA472 /* Pods_OnTheLine.framework */,
				2FA0FB7C4D36EA8C210F0CF8 /* Pods_OnTheLineTests.framework */,
				5B406E7E7287647AE65FE3EB /* Pods_OnTheLineUITests.framework */,
			);
			name = Frameworks;
			sourceTree = "<group>";
		};
		6B746D5AECB1C5CED99F7A96 /* Pods */ = {
			isa = PBXGroup;
			children = (
				5891595F3871B8F4DEBDF151 /* Pods-OnTheLine.debug.xcconfig */,
				B65939426AE2611A9884BC63 /* Pods-OnTheLine.release.xcconfig */,
				DF097F8470B2DC36A7A71DDA /* Pods-OnTheLineTests.debug.xcconfig */,
				2C6C8B7BE7133D23EE06F0CC /* Pods-OnTheLineTests.release.xcconfig */,
				BAC0956BD9C3A05330BC9CC4 /* Pods-OnTheLineUITests.debug.xcconfig */,
				8B99CB7AFFD16C18388F5445 /* Pods-OnTheLineUITests.release.xcconfig */,
			);
			path = Pods;
			sourceTree = "<group>";
		};
		D71CB642234BD055006821F3 /* TabVCs */ = {
			isa = PBXGroup;
			children = (
				D75DF5FC237202250057E143 /* New Wager */,
				D71CB644234BD095006821F3 /* Profile */,
				D78C8B0D2347B52E000D260C /* TabViewController.swift */,
				D78C8AFE2343C07F000D260C /* ActivityVC.swift */,
				D78C8B022343C0BB000D260C /* WagersVC.swift */,
				D78C8AFC2343C064000D260C /* LedgerVC.swift */,
			);
			path = TabVCs;
			sourceTree = "<group>";
		};
		D71CB643234BD079006821F3 /* StartVCs */ = {
			isa = PBXGroup;
			children = (
				D7F6011522683BFD00F1AFA0 /* FirstViewController.swift */,
				D793024D227525AD001A3C2F /* StartViewController.swift */,
				D7E4BD0722FA155000A4079A /* LoginViewController.swift */,
				D7E4BD0922FA155E00A4079A /* SignUpViewController.swift */,
			);
			path = StartVCs;
			sourceTree = "<group>";
		};
		D71CB644234BD095006821F3 /* Profile */ = {
			isa = PBXGroup;
			children = (
				D78C8B072343C3F8000D260C /* ProfileVC.swift */,
				D78C8B0F2347BD56000D260C /* AddFriendVC.swift */,
				D71CB640234BCC60006821F3 /* AddFriendView.xib */,
				D71CB645234BD11E006821F3 /* AddFriendView.swift */,
				D7D21929234FB00800DFA76B /* AFView.swift */,
			);
			path = Profile;
			sourceTree = "<group>";
		};
		D75DF5FC237202250057E143 /* New Wager */ = {
			isa = PBXGroup;
			children = (
				D78C8AFA2343C04A000D260C /* NewWagerVC.swift */,
				D76E2BEA237CB38300AA526E /* CreateGameVC.swift */,
			);
			path = "New Wager";
			sourceTree = "<group>";
		};
		D7F6010722683BFC00F1AFA0 = {
			isa = PBXGroup;
			children = (
				D7F6011222683BFD00F1AFA0 /* OnTheLine */,
				D7F6012922683BFF00F1AFA0 /* OnTheLineTests */,
				D7F6013422683BFF00F1AFA0 /* OnTheLineUITests */,
				D7F6011122683BFD00F1AFA0 /* Products */,
				6B746D5AECB1C5CED99F7A96 /* Pods */,
				3D3C7BAA8A81BEEED56002BC /* Frameworks */,
			);
			sourceTree = "<group>";
		};
		D7F6011122683BFD00F1AFA0 /* Products */ = {
			isa = PBXGroup;
			children = (
				D7F6011022683BFD00F1AFA0 /* OnTheLine.app */,
				D7F6012622683BFF00F1AFA0 /* OnTheLineTests.xctest */,
				D7F6013122683BFF00F1AFA0 /* OnTheLineUITests.xctest */,
			);
			name = Products;
			sourceTree = "<group>";
		};
		D7F6011222683BFD00F1AFA0 /* OnTheLine */ = {
			isa = PBXGroup;
			children = (
				D71CB643234BD079006821F3 /* StartVCs */,
				D71CB642234BD055006821F3 /* TabVCs */,
				D7F6011322683BFD00F1AFA0 /* AppDelegate.swift */,
				D7F6011922683BFD00F1AFA0 /* Main.storyboard */,
				D7F6011E22683BFF00F1AFA0 /* LaunchScreen.storyboard */,
				D78C8B092343D63C000D260C /* Wager.swift */,
				D7F6011C22683BFF00F1AFA0 /* Assets.xcassets */,
				D73820FD22D6E28A00A8D43E /* GoogleService-Info.plist */,
				D7F6012122683BFF00F1AFA0 /* Info.plist */,
				D7FE443022E28422008604A6 /* OnTheLine.entitlements */,
			);
			path = OnTheLine;
			sourceTree = "<group>";
		};
		D7F6012922683BFF00F1AFA0 /* OnTheLineTests */ = {
			isa = PBXGroup;
			children = (
				D7F6012A22683BFF00F1AFA0 /* OnTheLineTests.swift */,
				D7F6012C22683BFF00F1AFA0 /* Info.plist */,
			);
			path = OnTheLineTests;
			sourceTree = "<group>";
		};
		D7F6013422683BFF00F1AFA0 /* OnTheLineUITests */ = {
			isa = PBXGroup;
			children = (
				D7F6013522683BFF00F1AFA0 /* OnTheLineUITests.swift */,
				D7F6013722683BFF00F1AFA0 /* Info.plist */,
			);
			path = OnTheLineUITests;
			sourceTree = "<group>";
		};
/* End PBXGroup section */

/* Begin PBXNativeTarget section */
		D7F6010F22683BFD00F1AFA0 /* OnTheLine */ = {
			isa = PBXNativeTarget;
			buildConfigurationList = D7F6013A22683BFF00F1AFA0 /* Build configuration list for PBXNativeTarget "OnTheLine" */;
			buildPhases = (
				0F75A3F217122842DED5C970 /* [CP] Check Pods Manifest.lock */,
				D7F6010C22683BFD00F1AFA0 /* Sources */,
				D7F6010D22683BFD00F1AFA0 /* Frameworks */,
				D7F6010E22683BFD00F1AFA0 /* Resources */,
				C70585A225D76DDB04E5FE6E /* [CP] Embed Pods Frameworks */,
				F91F1F3F0F2A0C95CD8D5280 /* [CP] Copy Pods Resources */,
			);
			buildRules = (
			);
			dependencies = (
			);
			name = OnTheLine;
			productName = OnTheLine;
			productReference = D7F6011022683BFD00F1AFA0 /* OnTheLine.app */;
			productType = "com.apple.product-type.application";
		};
		D7F6012522683BFF00F1AFA0 /* OnTheLineTests */ = {
			isa = PBXNativeTarget;
			buildConfigurationList = D7F6013D22683BFF00F1AFA0 /* Build configuration list for PBXNativeTarget "OnTheLineTests" */;
			buildPhases = (
				ADF2C4FC59631DD7B62044B4 /* [CP] Check Pods Manifest.lock */,
				D7F6012222683BFF00F1AFA0 /* Sources */,
				D7F6012322683BFF00F1AFA0 /* Frameworks */,
				D7F6012422683BFF00F1AFA0 /* Resources */,
			);
			buildRules = (
			);
			dependencies = (
				D7F6012822683BFF00F1AFA0 /* PBXTargetDependency */,
			);
			name = OnTheLineTests;
			productName = OnTheLineTests;
			productReference = D7F6012622683BFF00F1AFA0 /* OnTheLineTests.xctest */;
			productType = "com.apple.product-type.bundle.unit-test";
		};
		D7F6013022683BFF00F1AFA0 /* OnTheLineUITests */ = {
			isa = PBXNativeTarget;
			buildConfigurationList = D7F6014022683BFF00F1AFA0 /* Build configuration list for PBXNativeTarget "OnTheLineUITests" */;
			buildPhases = (
				66B09B296476C38F5547B0F6 /* [CP] Check Pods Manifest.lock */,
				D7F6012D22683BFF00F1AFA0 /* Sources */,
				D7F6012E22683BFF00F1AFA0 /* Frameworks */,
				D7F6012F22683BFF00F1AFA0 /* Resources */,
			);
			buildRules = (
			);
			dependencies = (
				D7F6013322683BFF00F1AFA0 /* PBXTargetDependency */,
			);
			name = OnTheLineUITests;
			productName = OnTheLineUITests;
			productReference = D7F6013122683BFF00F1AFA0 /* OnTheLineUITests.xctest */;
			productType = "com.apple.product-type.bundle.ui-testing";
		};
/* End PBXNativeTarget section */

/* Begin PBXProject section */
		D7F6010822683BFC00F1AFA0 /* Project object */ = {
			isa = PBXProject;
			attributes = {
				LastSwiftUpdateCheck = 1010;
				LastUpgradeCheck = 1010;
				ORGANIZATIONNAME = "Kodiak Conrad";
				TargetAttributes = {
					D7F6010F22683BFD00F1AFA0 = {
						CreatedOnToolsVersion = 10.1;
						SystemCapabilities = {
							com.apple.Keychain = {
								enabled = 1;
							};
						};
					};
					D7F6012522683BFF00F1AFA0 = {
						CreatedOnToolsVersion = 10.1;
						TestTargetID = D7F6010F22683BFD00F1AFA0;
					};
					D7F6013022683BFF00F1AFA0 = {
						CreatedOnToolsVersion = 10.1;
						TestTargetID = D7F6010F22683BFD00F1AFA0;
					};
				};
			};
			buildConfigurationList = D7F6010B22683BFC00F1AFA0 /* Build configuration list for PBXProject "OnTheLine" */;
			compatibilityVersion = "Xcode 9.3";
			developmentRegion = en;
			hasScannedForEncodings = 0;
			knownRegions = (
				en,
				Base,
			);
			mainGroup = D7F6010722683BFC00F1AFA0;
			productRefGroup = D7F6011122683BFD00F1AFA0 /* Products */;
			projectDirPath = "";
			projectRoot = "";
			targets = (
				D7F6010F22683BFD00F1AFA0 /* OnTheLine */,
				D7F6012522683BFF00F1AFA0 /* OnTheLineTests */,
				D7F6013022683BFF00F1AFA0 /* OnTheLineUITests */,
			);
		};
/* End PBXProject section */

/* Begin PBXResourcesBuildPhase section */
		D7F6010E22683BFD00F1AFA0 /* Resources */ = {
			isa = PBXResourcesBuildPhase;
			buildActionMask = 2147483647;
			files = (
				D7F6012022683BFF00F1AFA0 /* LaunchScreen.storyboard in Resources */,
				D73820FE22D6E28A00A8D43E /* GoogleService-Info.plist in Resources */,
				D7F6011D22683BFF00F1AFA0 /* Assets.xcassets in Resources */,
				D7F6011B22683BFD00F1AFA0 /* Main.storyboard in Resources */,
				D71CB641234BCC60006821F3 /* AddFriendView.xib in Resources */,
			);
			runOnlyForDeploymentPostprocessing = 0;
		};
		D7F6012422683BFF00F1AFA0 /* Resources */ = {
			isa = PBXResourcesBuildPhase;
			buildActionMask = 2147483647;
			files = (
			);
			runOnlyForDeploymentPostprocessing = 0;
		};
		D7F6012F22683BFF00F1AFA0 /* Resources */ = {
			isa = PBXResourcesBuildPhase;
			buildActionMask = 2147483647;
			files = (
			);
			runOnlyForDeploymentPostprocessing = 0;
		};
/* End PBXResourcesBuildPhase section */

/* Begin PBXShellScriptBuildPhase section */
		0F75A3F217122842DED5C970 /* [CP] Check Pods Manifest.lock */ = {
			isa = PBXShellScriptBuildPhase;
			buildActionMask = 2147483647;
			files = (
			);
			inputFileListPaths = (
			);
			inputPaths = (
				"${PODS_PODFILE_DIR_PATH}/Podfile.lock",
				"${PODS_ROOT}/Manifest.lock",
			);
			name = "[CP] Check Pods Manifest.lock";
			outputFileListPaths = (
			);
			outputPaths = (
				"$(DERIVED_FILE_DIR)/Pods-OnTheLine-checkManifestLockResult.txt",
			);
			runOnlyForDeploymentPostprocessing = 0;
			shellPath = /bin/sh;
			shellScript = "diff \"${PODS_PODFILE_DIR_PATH}/Podfile.lock\" \"${PODS_ROOT}/Manifest.lock\" > /dev/null\nif [ $? != 0 ] ; then\n    # print error to STDERR\n    echo \"error: The sandbox is not in sync with the Podfile.lock. Run 'pod install' or update your CocoaPods installation.\" >&2\n    exit 1\nfi\n# This output is used by Xcode 'outputs' to avoid re-running this script phase.\necho \"SUCCESS\" > \"${SCRIPT_OUTPUT_FILE_0}\"\n";
			showEnvVarsInLog = 0;
		};
		66B09B296476C38F5547B0F6 /* [CP] Check Pods Manifest.lock */ = {
			isa = PBXShellScriptBuildPhase;
			buildActionMask = 2147483647;
			files = (
			);
			inputFileListPaths = (
			);
			inputPaths = (
				"${PODS_PODFILE_DIR_PATH}/Podfile.lock",
				"${PODS_ROOT}/Manifest.lock",
			);
			name = "[CP] Check Pods Manifest.lock";
			outputFileListPaths = (
			);
			outputPaths = (
				"$(DERIVED_FILE_DIR)/Pods-OnTheLineUITests-checkManifestLockResult.txt",
			);
			runOnlyForDeploymentPostprocessing = 0;
			shellPath = /bin/sh;
			shellScript = "diff \"${PODS_PODFILE_DIR_PATH}/Podfile.lock\" \"${PODS_ROOT}/Manifest.lock\" > /dev/null\nif [ $? != 0 ] ; then\n    # print error to STDERR\n    echo \"error: The sandbox is not in sync with the Podfile.lock. Run 'pod install' or update your CocoaPods installation.\" >&2\n    exit 1\nfi\n# This output is used by Xcode 'outputs' to avoid re-running this script phase.\necho \"SUCCESS\" > \"${SCRIPT_OUTPUT_FILE_0}\"\n";
			showEnvVarsInLog = 0;
		};
		ADF2C4FC59631DD7B62044B4 /* [CP] Check Pods Manifest.lock */ = {
			isa = PBXShellScriptBuildPhase;
			buildActionMask = 2147483647;
			files = (
			);
			inputFileListPaths = (
			);
			inputPaths = (
				"${PODS_PODFILE_DIR_PATH}/Podfile.lock",
				"${PODS_ROOT}/Manifest.lock",
			);
			name = "[CP] Check Pods Manifest.lock";
			outputFileListPaths = (
			);
			outputPaths = (
				"$(DERIVED_FILE_DIR)/Pods-OnTheLineTests-checkManifestLockResult.txt",
			);
			runOnlyForDeploymentPostprocessing = 0;
			shellPath = /bin/sh;
			shellScript = "diff \"${PODS_PODFILE_DIR_PATH}/Podfile.lock\" \"${PODS_ROOT}/Manifest.lock\" > /dev/null\nif [ $? != 0 ] ; then\n    # print error to STDERR\n    echo \"error: The sandbox is not in sync with the Podfile.lock. Run 'pod install' or update your CocoaPods installation.\" >&2\n    exit 1\nfi\n# This output is used by Xcode 'outputs' to avoid re-running this script phase.\necho \"SUCCESS\" > \"${SCRIPT_OUTPUT_FILE_0}\"\n";
			showEnvVarsInLog = 0;
		};
		C70585A225D76DDB04E5FE6E /* [CP] Embed Pods Frameworks */ = {
			isa = PBXShellScriptBuildPhase;
			buildActionMask = 2147483647;
			files = (
			);
			inputFileListPaths = (
			);
			inputPaths = (
				"${PODS_ROOT}/Target Support Files/Pods-OnTheLine/Pods-OnTheLine-frameworks.sh",
				"${BUILT_PRODUCTS_DIR}/Bolts/Bolts.framework",
				"${BUILT_PRODUCTS_DIR}/BoringSSL-GRPC/openssl_grpc.framework",
				"${BUILT_PRODUCTS_DIR}/FBSDKCoreKit/FBSDKCoreKit.framework",
				"${BUILT_PRODUCTS_DIR}/FBSDKLoginKit/FBSDKLoginKit.framework",
				"${BUILT_PRODUCTS_DIR}/GTMSessionFetcher/GTMSessionFetcher.framework",
				"${BUILT_PRODUCTS_DIR}/GoogleToolboxForMac/GoogleToolboxForMac.framework",
				"${BUILT_PRODUCTS_DIR}/GoogleUtilities/GoogleUtilities.framework",
				"${BUILT_PRODUCTS_DIR}/Protobuf/Protobuf.framework",
				"${BUILT_PRODUCTS_DIR}/PureLayout/PureLayout.framework",
				"${BUILT_PRODUCTS_DIR}/SDWebImage/SDWebImage.framework",
				"${PODS_ROOT}/TwitterCore/iOS/TwitterCore.framework",
				"${PODS_ROOT}/TwitterKit/iOS/TwitterKit.framework",
				"${BUILT_PRODUCTS_DIR}/gRPC-C++/grpcpp.framework",
				"${BUILT_PRODUCTS_DIR}/gRPC-Core/grpc.framework",
				"${BUILT_PRODUCTS_DIR}/leveldb-library/leveldb.framework",
				"${BUILT_PRODUCTS_DIR}/nanopb/nanopb.framework",
			);
			name = "[CP] Embed Pods Frameworks";
			outputFileListPaths = (
			);
			outputPaths = (
				"${TARGET_BUILD_DIR}/${FRAMEWORKS_FOLDER_PATH}/Bolts.framework",
				"${TARGET_BUILD_DIR}/${FRAMEWORKS_FOLDER_PATH}/openssl_grpc.framework",
				"${TARGET_BUILD_DIR}/${FRAMEWORKS_FOLDER_PATH}/FBSDKCoreKit.framework",
				"${TARGET_BUILD_DIR}/${FRAMEWORKS_FOLDER_PATH}/FBSDKLoginKit.framework",
				"${TARGET_BUILD_DIR}/${FRAMEWORKS_FOLDER_PATH}/GTMSessionFetcher.framework",
				"${TARGET_BUILD_DIR}/${FRAMEWORKS_FOLDER_PATH}/GoogleToolboxForMac.framework",
				"${TARGET_BUILD_DIR}/${FRAMEWORKS_FOLDER_PATH}/GoogleUtilities.framework",
				"${TARGET_BUILD_DIR}/${FRAMEWORKS_FOLDER_PATH}/Protobuf.framework",
				"${TARGET_BUILD_DIR}/${FRAMEWORKS_FOLDER_PATH}/PureLayout.framework",
				"${TARGET_BUILD_DIR}/${FRAMEWORKS_FOLDER_PATH}/SDWebImage.framework",
				"${TARGET_BUILD_DIR}/${FRAMEWORKS_FOLDER_PATH}/TwitterCore.framework",
				"${TARGET_BUILD_DIR}/${FRAMEWORKS_FOLDER_PATH}/TwitterKit.framework",
				"${TARGET_BUILD_DIR}/${FRAMEWORKS_FOLDER_PATH}/grpcpp.framework",
				"${TARGET_BUILD_DIR}/${FRAMEWORKS_FOLDER_PATH}/grpc.framework",
				"${TARGET_BUILD_DIR}/${FRAMEWORKS_FOLDER_PATH}/leveldb.framework",
				"${TARGET_BUILD_DIR}/${FRAMEWORKS_FOLDER_PATH}/nanopb.framework",
			);
			runOnlyForDeploymentPostprocessing = 0;
			shellPath = /bin/sh;
			shellScript = "\"${PODS_ROOT}/Target Support Files/Pods-OnTheLine/Pods-OnTheLine-frameworks.sh\"\n";
			showEnvVarsInLog = 0;
		};
		F91F1F3F0F2A0C95CD8D5280 /* [CP] Copy Pods Resources */ = {
			isa = PBXShellScriptBuildPhase;
			buildActionMask = 2147483647;
			files = (
			);
			inputFileListPaths = (
			);
			inputPaths = (
				"${PODS_ROOT}/Target Support Files/Pods-OnTheLine/Pods-OnTheLine-resources.sh",
				"${PODS_CONFIGURATION_BUILD_DIR}/FirebaseUI/FirebaseAnonymousAuthUI.bundle",
				"${PODS_CONFIGURATION_BUILD_DIR}/FirebaseUI/FirebaseAuthUI.bundle",
				"${PODS_CONFIGURATION_BUILD_DIR}/FirebaseUI/FirebaseEmailAuthUI.bundle",
				"${PODS_CONFIGURATION_BUILD_DIR}/FirebaseUI/FirebaseFacebookAuthUI.bundle",
				"${PODS_CONFIGURATION_BUILD_DIR}/FirebaseUI/FirebaseGoogleAuthUI.bundle",
				"${PODS_CONFIGURATION_BUILD_DIR}/FirebaseUI/FirebasePhoneAuthUI.bundle",
				"${PODS_CONFIGURATION_BUILD_DIR}/FirebaseUI/FirebaseTwitterAuthUI.bundle",
				"${PODS_ROOT}/GoogleSignIn/Resources/GoogleSignIn.bundle",
				"${PODS_ROOT}/TwitterKit/iOS/TwitterKit.framework/TwitterKitResources.bundle",
			);
			name = "[CP] Copy Pods Resources";
			outputFileListPaths = (
			);
			outputPaths = (
				"${TARGET_BUILD_DIR}/${UNLOCALIZED_RESOURCES_FOLDER_PATH}/FirebaseAnonymousAuthUI.bundle",
				"${TARGET_BUILD_DIR}/${UNLOCALIZED_RESOURCES_FOLDER_PATH}/FirebaseAuthUI.bundle",
				"${TARGET_BUILD_DIR}/${UNLOCALIZED_RESOURCES_FOLDER_PATH}/FirebaseEmailAuthUI.bundle",
				"${TARGET_BUILD_DIR}/${UNLOCALIZED_RESOURCES_FOLDER_PATH}/FirebaseFacebookAuthUI.bundle",
				"${TARGET_BUILD_DIR}/${UNLOCALIZED_RESOURCES_FOLDER_PATH}/FirebaseGoogleAuthUI.bundle",
				"${TARGET_BUILD_DIR}/${UNLOCALIZED_RESOURCES_FOLDER_PATH}/FirebasePhoneAuthUI.bundle",
				"${TARGET_BUILD_DIR}/${UNLOCALIZED_RESOURCES_FOLDER_PATH}/FirebaseTwitterAuthUI.bundle",
				"${TARGET_BUILD_DIR}/${UNLOCALIZED_RESOURCES_FOLDER_PATH}/GoogleSignIn.bundle",
				"${TARGET_BUILD_DIR}/${UNLOCALIZED_RESOURCES_FOLDER_PATH}/TwitterKitResources.bundle",
			);
			runOnlyForDeploymentPostprocessing = 0;
			shellPath = /bin/sh;
			shellScript = "\"${PODS_ROOT}/Target Support Files/Pods-OnTheLine/Pods-OnTheLine-resources.sh\"\n";
			showEnvVarsInLog = 0;
		};
/* End PBXShellScriptBuildPhase section */

/* Begin PBXSourcesBuildPhase section */
		D7F6010C22683BFD00F1AFA0 /* Sources */ = {
			isa = PBXSourcesBuildPhase;
			buildActionMask = 2147483647;
			files = (
				D78C8B0A2343D63C000D260C /* Wager.swift in Sources */,
				D78C8AFB2343C04A000D260C /* NewWagerVC.swift in Sources */,
				D7E4BD0822FA155000A4079A /* LoginViewController.swift in Sources */,
				D7D2192A234FB00800DFA76B /* AFView.swift in Sources */,
				D76E2BEB237CB38300AA526E /* CreateGameVC.swift in Sources */,
				D793024E227525AD001A3C2F /* StartViewController.swift in Sources */,
				D71CB646234BD11E006821F3 /* AddFriendView.swift in Sources */,
				D78C8B0E2347B52E000D260C /* TabViewController.swift in Sources */,
				D78C8AFF2343C07F000D260C /* ActivityVC.swift in Sources */,
				D7F6011422683BFD00F1AFA0 /* AppDelegate.swift in Sources */,
				D7F6011622683BFD00F1AFA0 /* FirstViewController.swift in Sources */,
				D78C8B102347BD56000D260C /* AddFriendVC.swift in Sources */,
				D78C8B032343C0BB000D260C /* WagersVC.swift in Sources */,
				D7E4BD0A22FA155E00A4079A /* SignUpViewController.swift in Sources */,
				D78C8B082343C3F8000D260C /* ProfileVC.swift in Sources */,
				D78C8AFD2343C064000D260C /* LedgerVC.swift in Sources */,
			);
			runOnlyForDeploymentPostprocessing = 0;
		};
		D7F6012222683BFF00F1AFA0 /* Sources */ = {
			isa = PBXSourcesBuildPhase;
			buildActionMask = 2147483647;
			files = (
				D7F6012B22683BFF00F1AFA0 /* OnTheLineTests.swift in Sources */,
			);
			runOnlyForDeploymentPostprocessing = 0;
		};
		D7F6012D22683BFF00F1AFA0 /* Sources */ = {
			isa = PBXSourcesBuildPhase;
			buildActionMask = 2147483647;
			files = (
				D7F6013622683BFF00F1AFA0 /* OnTheLineUITests.swift in Sources */,
			);
			runOnlyForDeploymentPostprocessing = 0;
		};
/* End PBXSourcesBuildPhase section */

/* Begin PBXTargetDependency section */
		D7F6012822683BFF00F1AFA0 /* PBXTargetDependency */ = {
			isa = PBXTargetDependency;
			target = D7F6010F22683BFD00F1AFA0 /* OnTheLine */;
			targetProxy = D7F6012722683BFF00F1AFA0 /* PBXContainerItemProxy */;
		};
		D7F6013322683BFF00F1AFA0 /* PBXTargetDependency */ = {
			isa = PBXTargetDependency;
			target = D7F6010F22683BFD00F1AFA0 /* OnTheLine */;
			targetProxy = D7F6013222683BFF00F1AFA0 /* PBXContainerItemProxy */;
		};
/* End PBXTargetDependency section */

/* Begin PBXVariantGroup section */
		D7F6011922683BFD00F1AFA0 /* Main.storyboard */ = {
			isa = PBXVariantGroup;
			children = (
				D7F6011A22683BFD00F1AFA0 /* Base */,
			);
			name = Main.storyboard;
			sourceTree = "<group>";
		};
		D7F6011E22683BFF00F1AFA0 /* LaunchScreen.storyboard */ = {
			isa = PBXVariantGroup;
			children = (
				D7F6011F22683BFF00F1AFA0 /* Base */,
			);
			name = LaunchScreen.storyboard;
			sourceTree = "<group>";
		};
/* End PBXVariantGroup section */

/* Begin XCBuildConfiguration section */
		D7F6013822683BFF00F1AFA0 /* Debug */ = {
			isa = XCBuildConfiguration;
			buildSettings = {
				ALWAYS_SEARCH_USER_PATHS = NO;
				CLANG_ANALYZER_NONNULL = YES;
				CLANG_ANALYZER_NUMBER_OBJECT_CONVERSION = YES_AGGRESSIVE;
				CLANG_CXX_LANGUAGE_STANDARD = "gnu++14";
				CLANG_CXX_LIBRARY = "libc++";
				CLANG_ENABLE_MODULES = YES;
				CLANG_ENABLE_OBJC_ARC = YES;
				CLANG_ENABLE_OBJC_WEAK = YES;
				CLANG_WARN_BLOCK_CAPTURE_AUTORELEASING = YES;
				CLANG_WARN_BOOL_CONVERSION = YES;
				CLANG_WARN_COMMA = YES;
				CLANG_WARN_CONSTANT_CONVERSION = YES;
				CLANG_WARN_DEPRECATED_OBJC_IMPLEMENTATIONS = YES;
				CLANG_WARN_DIRECT_OBJC_ISA_USAGE = YES_ERROR;
				CLANG_WARN_DOCUMENTATION_COMMENTS = YES;
				CLANG_WARN_EMPTY_BODY = YES;
				CLANG_WARN_ENUM_CONVERSION = YES;
				CLANG_WARN_INFINITE_RECURSION = YES;
				CLANG_WARN_INT_CONVERSION = YES;
				CLANG_WARN_NON_LITERAL_NULL_CONVERSION = YES;
				CLANG_WARN_OBJC_IMPLICIT_RETAIN_SELF = YES;
				CLANG_WARN_OBJC_LITERAL_CONVERSION = YES;
				CLANG_WARN_OBJC_ROOT_CLASS = YES_ERROR;
				CLANG_WARN_RANGE_LOOP_ANALYSIS = YES;
				CLANG_WARN_STRICT_PROTOTYPES = YES;
				CLANG_WARN_SUSPICIOUS_MOVE = YES;
				CLANG_WARN_UNGUARDED_AVAILABILITY = YES_AGGRESSIVE;
				CLANG_WARN_UNREACHABLE_CODE = YES;
				CLANG_WARN__DUPLICATE_METHOD_MATCH = YES;
				COPY_PHASE_STRIP = NO;
				DEBUG_INFORMATION_FORMAT = dwarf;
				ENABLE_STRICT_OBJC_MSGSEND = YES;
				ENABLE_TESTABILITY = YES;
				GCC_C_LANGUAGE_STANDARD = gnu11;
				GCC_DYNAMIC_NO_PIC = NO;
				GCC_NO_COMMON_BLOCKS = YES;
				GCC_OPTIMIZATION_LEVEL = 0;
				GCC_PREPROCESSOR_DEFINITIONS = (
					"DEBUG=1",
					"$(inherited)",
				);
				GCC_WARN_64_TO_32_BIT_CONVERSION = YES;
				GCC_WARN_ABOUT_RETURN_TYPE = YES_ERROR;
				GCC_WARN_UNDECLARED_SELECTOR = YES;
				GCC_WARN_UNINITIALIZED_AUTOS = YES_AGGRESSIVE;
				GCC_WARN_UNUSED_FUNCTION = YES;
				GCC_WARN_UNUSED_VARIABLE = YES;
				IPHONEOS_DEPLOYMENT_TARGET = 12.1;
				MTL_ENABLE_DEBUG_INFO = INCLUDE_SOURCE;
				MTL_FAST_MATH = YES;
				ONLY_ACTIVE_ARCH = YES;
				SDKROOT = iphoneos;
				SWIFT_ACTIVE_COMPILATION_CONDITIONS = DEBUG;
				SWIFT_OPTIMIZATION_LEVEL = "-Onone";
			};
			name = Debug;
		};
		D7F6013922683BFF00F1AFA0 /* Release */ = {
			isa = XCBuildConfiguration;
			buildSettings = {
				ALWAYS_SEARCH_USER_PATHS = NO;
				CLANG_ANALYZER_NONNULL = YES;
				CLANG_ANALYZER_NUMBER_OBJECT_CONVERSION = YES_AGGRESSIVE;
				CLANG_CXX_LANGUAGE_STANDARD = "gnu++14";
				CLANG_CXX_LIBRARY = "libc++";
				CLANG_ENABLE_MODULES = YES;
				CLANG_ENABLE_OBJC_ARC = YES;
				CLANG_ENABLE_OBJC_WEAK = YES;
				CLANG_WARN_BLOCK_CAPTURE_AUTORELEASING = YES;
				CLANG_WARN_BOOL_CONVERSION = YES;
				CLANG_WARN_COMMA = YES;
				CLANG_WARN_CONSTANT_CONVERSION = YES;
				CLANG_WARN_DEPRECATED_OBJC_IMPLEMENTATIONS = YES;
				CLANG_WARN_DIRECT_OBJC_ISA_USAGE = YES_ERROR;
				CLANG_WARN_DOCUMENTATION_COMMENTS = YES;
				CLANG_WARN_EMPTY_BODY = YES;
				CLANG_WARN_ENUM_CONVERSION = YES;
				CLANG_WARN_INFINITE_RECURSION = YES;
				CLANG_WARN_INT_CONVERSION = YES;
				CLANG_WARN_NON_LITERAL_NULL_CONVERSION = YES;
				CLANG_WARN_OBJC_IMPLICIT_RETAIN_SELF = YES;
				CLANG_WARN_OBJC_LITERAL_CONVERSION = YES;
				CLANG_WARN_OBJC_ROOT_CLASS = YES_ERROR;
				CLANG_WARN_RANGE_LOOP_ANALYSIS = YES;
				CLANG_WARN_STRICT_PROTOTYPES = YES;
				CLANG_WARN_SUSPICIOUS_MOVE = YES;
				CLANG_WARN_UNGUARDED_AVAILABILITY = YES_AGGRESSIVE;
				CLANG_WARN_UNREACHABLE_CODE = YES;
				CLANG_WARN__DUPLICATE_METHOD_MATCH = YES;
				COPY_PHASE_STRIP = NO;
				DEBUG_INFORMATION_FORMAT = "dwarf-with-dsym";
				ENABLE_NS_ASSERTIONS = NO;
				ENABLE_STRICT_OBJC_MSGSEND = YES;
				GCC_C_LANGUAGE_STANDARD = gnu11;
				GCC_NO_COMMON_BLOCKS = YES;
				GCC_WARN_64_TO_32_BIT_CONVERSION = YES;
				GCC_WARN_ABOUT_RETURN_TYPE = YES_ERROR;
				GCC_WARN_UNDECLARED_SELECTOR = YES;
				GCC_WARN_UNINITIALIZED_AUTOS = YES_AGGRESSIVE;
				GCC_WARN_UNUSED_FUNCTION = YES;
				GCC_WARN_UNUSED_VARIABLE = YES;
				IPHONEOS_DEPLOYMENT_TARGET = 12.1;
				MTL_ENABLE_DEBUG_INFO = NO;
				MTL_FAST_MATH = YES;
				SDKROOT = iphoneos;
				SWIFT_COMPILATION_MODE = wholemodule;
				SWIFT_OPTIMIZATION_LEVEL = "-O";
				VALIDATE_PRODUCT = YES;
			};
			name = Release;
		};
		D7F6013B22683BFF00F1AFA0 /* Debug */ = {
			isa = XCBuildConfiguration;
			baseConfigurationReference = 5891595F3871B8F4DEBDF151 /* Pods-OnTheLine.debug.xcconfig */;
			buildSettings = {
				ASSETCATALOG_COMPILER_APPICON_NAME = AppIcon;
				CODE_SIGN_ENTITLEMENTS = OnTheLine/OnTheLine.entitlements;
				CODE_SIGN_STYLE = Automatic;
				DEVELOPMENT_TEAM = PGY9P234WH;
				INFOPLIST_FILE = OnTheLine/Info.plist;
				LD_RUNPATH_SEARCH_PATHS = (
					"$(inherited)",
					"@executable_path/Frameworks",
				);
				PRODUCT_BUNDLE_IDENTIFIER = com.example.OnTheLine;
				PRODUCT_NAME = "$(TARGET_NAME)";
				SWIFT_VERSION = 4.2;
				TARGETED_DEVICE_FAMILY = "1,2";
			};
			name = Debug;
		};
		D7F6013C22683BFF00F1AFA0 /* Release */ = {
			isa = XCBuildConfiguration;
			baseConfigurationReference = B65939426AE2611A9884BC63 /* Pods-OnTheLine.release.xcconfig */;
			buildSettings = {
				ASSETCATALOG_COMPILER_APPICON_NAME = AppIcon;
				CODE_SIGN_ENTITLEMENTS = OnTheLine/OnTheLine.entitlements;
				CODE_SIGN_STYLE = Automatic;
				DEVELOPMENT_TEAM = PGY9P234WH;
				INFOPLIST_FILE = OnTheLine/Info.plist;
				LD_RUNPATH_SEARCH_PATHS = (
					"$(inherited)",
					"@executable_path/Frameworks",
				);
				PRODUCT_BUNDLE_IDENTIFIER = com.example.OnTheLine;
				PRODUCT_NAME = "$(TARGET_NAME)";
				SWIFT_VERSION = 4.2;
				TARGETED_DEVICE_FAMILY = "1,2";
			};
			name = Release;
		};
		D7F6013E22683BFF00F1AFA0 /* Debug */ = {
			isa = XCBuildConfiguration;
			baseConfigurationReference = DF097F8470B2DC36A7A71DDA /* Pods-OnTheLineTests.debug.xcconfig */;
			buildSettings = {
				ALWAYS_EMBED_SWIFT_STANDARD_LIBRARIES = YES;
				BUNDLE_LOADER = "$(TEST_HOST)";
				CODE_SIGN_STYLE = Automatic;
				INFOPLIST_FILE = OnTheLineTests/Info.plist;
				LD_RUNPATH_SEARCH_PATHS = (
					"$(inherited)",
					"@executable_path/Frameworks",
					"@loader_path/Frameworks",
				);
				PRODUCT_BUNDLE_IDENTIFIER = com.example.OnTheLineTests;
				PRODUCT_NAME = "$(TARGET_NAME)";
				SWIFT_VERSION = 4.2;
				TARGETED_DEVICE_FAMILY = "1,2";
				TEST_HOST = "$(BUILT_PRODUCTS_DIR)/OnTheLine.app/OnTheLine";
			};
			name = Debug;
		};
		D7F6013F22683BFF00F1AFA0 /* Release */ = {
			isa = XCBuildConfiguration;
			baseConfigurationReference = 2C6C8B7BE7133D23EE06F0CC /* Pods-OnTheLineTests.release.xcconfig */;
			buildSettings = {
				ALWAYS_EMBED_SWIFT_STANDARD_LIBRARIES = YES;
				BUNDLE_LOADER = "$(TEST_HOST)";
				CODE_SIGN_STYLE = Automatic;
				INFOPLIST_FILE = OnTheLineTests/Info.plist;
				LD_RUNPATH_SEARCH_PATHS = (
					"$(inherited)",
					"@executable_path/Frameworks",
					"@loader_path/Frameworks",
				);
				PRODUCT_BUNDLE_IDENTIFIER = com.example.OnTheLineTests;
				PRODUCT_NAME = "$(TARGET_NAME)";
				SWIFT_VERSION = 4.2;
				TARGETED_DEVICE_FAMILY = "1,2";
				TEST_HOST = "$(BUILT_PRODUCTS_DIR)/OnTheLine.app/OnTheLine";
			};
			name = Release;
		};
		D7F6014122683BFF00F1AFA0 /* Debug */ = {
			isa = XCBuildConfiguration;
			baseConfigurationReference = BAC0956BD9C3A05330BC9CC4 /* Pods-OnTheLineUITests.debug.xcconfig */;
			buildSettings = {
				ALWAYS_EMBED_SWIFT_STANDARD_LIBRARIES = YES;
				CODE_SIGN_STYLE = Automatic;
				INFOPLIST_FILE = OnTheLineUITests/Info.plist;
				LD_RUNPATH_SEARCH_PATHS = (
					"$(inherited)",
					"@executable_path/Frameworks",
					"@loader_path/Frameworks",
				);
				PRODUCT_BUNDLE_IDENTIFIER = com.example.OnTheLineUITests;
				PRODUCT_NAME = "$(TARGET_NAME)";
				SWIFT_VERSION = 4.2;
				TARGETED_DEVICE_FAMILY = "1,2";
				TEST_TARGET_NAME = OnTheLine;
			};
			name = Debug;
		};
		D7F6014222683BFF00F1AFA0 /* Release */ = {
			isa = XCBuildConfiguration;
			baseConfigurationReference = 8B99CB7AFFD16C18388F5445 /* Pods-OnTheLineUITests.release.xcconfig */;
			buildSettings = {
				ALWAYS_EMBED_SWIFT_STANDARD_LIBRARIES = YES;
				CODE_SIGN_STYLE = Automatic;
				INFOPLIST_FILE = OnTheLineUITests/Info.plist;
				LD_RUNPATH_SEARCH_PATHS = (
					"$(inherited)",
					"@executable_path/Frameworks",
					"@loader_path/Frameworks",
				);
				PRODUCT_BUNDLE_IDENTIFIER = com.example.OnTheLineUITests;
				PRODUCT_NAME = "$(TARGET_NAME)";
				SWIFT_VERSION = 4.2;
				TARGETED_DEVICE_FAMILY = "1,2";
				TEST_TARGET_NAME = OnTheLine;
			};
			name = Release;
		};
/* End XCBuildConfiguration section */

/* Begin XCConfigurationList section */
		D7F6010B22683BFC00F1AFA0 /* Build configuration list for PBXProject "OnTheLine" */ = {
			isa = XCConfigurationList;
			buildConfigurations = (
				D7F6013822683BFF00F1AFA0 /* Debug */,
				D7F6013922683BFF00F1AFA0 /* Release */,
			);
			defaultConfigurationIsVisible = 0;
			defaultConfigurationName = Release;
		};
		D7F6013A22683BFF00F1AFA0 /* Build configuration list for PBXNativeTarget "OnTheLine" */ = {
			isa = XCConfigurationList;
			buildConfigurations = (
				D7F6013B22683BFF00F1AFA0 /* Debug */,
				D7F6013C22683BFF00F1AFA0 /* Release */,
			);
			defaultConfigurationIsVisible = 0;
			defaultConfigurationName = Release;
		};
		D7F6013D22683BFF00F1AFA0 /* Build configuration list for PBXNativeTarget "OnTheLineTests" */ = {
			isa = XCConfigurationList;
			buildConfigurations = (
				D7F6013E22683BFF00F1AFA0 /* Debug */,
				D7F6013F22683BFF00F1AFA0 /* Release */,
			);
			defaultConfigurationIsVisible = 0;
			defaultConfigurationName = Release;
		};
		D7F6014022683BFF00F1AFA0 /* Build configuration list for PBXNativeTarget "OnTheLineUITests" */ = {
			isa = XCConfigurationList;
			buildConfigurations = (
				D7F6014122683BFF00F1AFA0 /* Debug */,
				D7F6014222683BFF00F1AFA0 /* Release */,
			);
			defaultConfigurationIsVisible = 0;
			defaultConfigurationName = Release;
		};
/* End XCConfigurationList section */
	};
	rootObject = D7F6010822683BFC00F1AFA0 /* Project object */;
}
